
Microsoft Visual Studio Solution File, Format Version 12.00
# Visual Studio Version 17
VisualStudioVersion = 17.1.32319.34
MinimumVisualStudioVersion = 10.0.40219.1
Project("{FAE04EC0-301F-11D3-BF4B-00C04F79EFBC}") = "Laba2", "Laba2\Laba2.csproj", "{A9C5F778-5B57-4EAA-9EAC-983476DF2526}"
EndProject
Project("{FAE04EC0-301F-11D3-BF4B-00C04F79EFBC}") = "Laba3", "Laba3\Laba3.csproj", "{57765E9F-5B0F-4B15-B763-F1B2C2DFF215}"
EndProject
Project("{FAE04EC0-301F-11D3-BF4B-00C04F79EFBC}") = "Laba4", "Laba4\Laba4.csproj", "{EB9938C6-0B56-4B94-A73F-AF6952A18463}"
EndProject
Project("{FAE04EC0-301F-11D3-BF4B-00C04F79EFBC}") = "Laba6", "Laba6\Laba6.csproj", "{14B37059-2E8C-4254-800E-A54530B3A7CA}"
EndProject
Global
	GlobalSection(SolutionConfigurationPlatforms) = preSolution
		Debug|Any CPU = Debug|Any CPU
		Release|Any CPU = Release|Any CPU
	EndGlobalSection
	GlobalSection(ProjectConfigurationPlatforms) = postSolution
		{A9C5F778-5B57-4EAA-9EAC-983476DF2526}.Debug|Any CPU.ActiveCfg = Debug|Any CPU
		{A9C5F778-5B57-4EAA-9EAC-983476DF2526}.Debug|Any CPU.Build.0 = Debug|Any CPU
		{A9C5F778-5B57-4EAA-9EAC-983476DF2526}.Release|Any CPU.ActiveCfg = Release|Any CPU
		{A9C5F778-5B57-4EAA-9EAC-983476DF2526}.Release|Any CPU.Build.0 = Release|Any CPU
		{57765E9F-5B0F-4B15-B763-F1B2C2DFF215}.Debug|Any CPU.ActiveCfg = Debug|Any CPU
		{57765E9F-5B0F-4B15-B763-F1B2C2DFF215}.Debug|Any CPU.Build.0 = Debug|Any CPU
		{57765E9F-5B0F-4B15-B763-F1B2C2DFF215}.Release|Any CPU.ActiveCfg = Release|Any CPU
		{57765E9F-5B0F-4B15-B763-F1B2C2DFF215}.Release|Any CPU.Build.0 = Release|Any CPU
		{EB9938C6-0B56-4B94-A73F-AF6952A18463}.Debug|Any CPU.ActiveCfg = Debug|Any CPU
		{EB9938C6-0B56-4B94-A73F-AF6952A18463}.Debug|Any CPU.Build.0 = Debug|Any CPU
		{EB9938C6-0B56-4B94-A73F-AF6952A18463}.Release|Any CPU.ActiveCfg = Release|Any CPU
		{EB9938C6-0B56-4B94-A73F-AF6952A18463}.Release|Any CPU.Build.0 = Release|Any CPU
		{14B37059-2E8C-4254-800E-A54530B3A7CA}.Debug|Any CPU.ActiveCfg = Debug|Any CPU
		{14B37059-2E8C-4254-800E-A54530B3A7CA}.Debug|Any CPU.Build.0 = Debug|Any CPU
		{14B37059-2E8C-4254-800E-A54530B3A7CA}.Release|Any CPU.ActiveCfg = Release|Any CPU
		{14B37059-2E8C-4254-800E-A54530B3A7CA}.Release|Any CPU.Build.0 = Release|Any CPU
	EndGlobalSection
	GlobalSection(SolutionProperties) = preSolution
		HideSolutionNode = FALSE
	EndGlobalSection
	GlobalSection(ExtensibilityGlobals) = postSolution
		SolutionGuid = {DCE2D684-68BB-488B-A70B-4EAD890E5C40}
	EndGlobalSection
EndGlobal
